
Microsoft Visual Studio Solution File, Format Version 12.00
# Visual Studio Version 17
VisualStudioVersion = 17.13.35931.197 d17.13
MinimumVisualStudioVersion = 10.0.40219.1
Project("{FAE04EC0-301F-11D3-BF4B-00C04F79EFBC}") = "TBL_01_ap_ex2", "TBL_01_ap_ex2\TBL_01_ap_ex2.csproj", "{652AF76A-8564-4A9D-9A57-55809461804B}"
EndProject
Global
	GlobalSection(SolutionConfigurationPlatforms) = preSolution
		Debug|Any CPU = Debug|Any CPU
		Release|Any CPU = Release|Any CPU
	EndGlobalSection
	GlobalSection(ProjectConfigurationPlatforms) = postSolution
		{652AF76A-8564-4A9D-9A57-55809461804B}.Debug|Any CPU.ActiveCfg = Debug|Any CPU
		{652AF76A-8564-4A9D-9A57-55809461804B}.Debug|Any CPU.Build.0 = Debug|Any CPU
		{652AF76A-8564-4A9D-9A57-55809461804B}.Release|Any CPU.ActiveCfg = Release|Any CPU
		{652AF76A-8564-4A9D-9A57-55809461804B}.Release|Any CPU.Build.0 = Release|Any CPU
	EndGlobalSection
	GlobalSection(SolutionProperties) = preSolution
		HideSolutionNode = FALSE
	EndGlobalSection
	GlobalSection(ExtensibilityGlobals) = postSolution
		SolutionGuid = {BADF8C6F-C81B-405C-8F6A-3D0425BDE050}
	EndGlobalSection
EndGlobal
